
Microsoft Visual Studio Solution File, Format Version 12.00
# Visual Studio Version 16
VisualStudioVersion = 16.0.31702.278
MinimumVisualStudioVersion = 10.0.40219.1
Project("{888888A0-9F3D-457C-B088-3A5042F75D52}") = "Python_Essentials_Module_2 Code Repo", "Python_Essentials_Module_2 Code Repo\Python_Essentials_Module_2 Code Repo.pyproj", "{CE66D8D6-1EE4-474C-82FF-0800C25B8100}"
EndProject
Global
	GlobalSection(SolutionConfigurationPlatforms) = preSolution
		Debug|Any CPU = Debug|Any CPU
		Release|Any CPU = Release|Any CPU
	EndGlobalSection
	GlobalSection(ProjectConfigurationPlatforms) = postSolution
		{CE66D8D6-1EE4-474C-82FF-0800C25B8100}.Debug|Any CPU.ActiveCfg = Debug|Any CPU
		{CE66D8D6-1EE4-474C-82FF-0800C25B8100}.Release|Any CPU.ActiveCfg = Release|Any CPU
	EndGlobalSection
	GlobalSection(SolutionProperties) = preSolution
		HideSolutionNode = FALSE
	EndGlobalSection
	GlobalSection(ExtensibilityGlobals) = postSolution
		SolutionGuid = {3D53C27B-2F78-4956-9F59-6DA47AE6795E}
	EndGlobalSection
EndGlobal
